// !$*UTF8*$!
{
	archiveVersion = 1;
	classes = {
	};
	objectVersion = 56;
	objects = {

/* Begin PBXBuildFile section */
		F3E39A0429E74BAF0023A98B /* AppDelegate.swift in Sources */ = {isa = PBXBuildFile; fileRef = F3E39A0329E74BAF0023A98B /* AppDelegate.swift */; };
		F3E39A0629E74BAF0023A98B /* SceneDelegate.swift in Sources */ = {isa = PBXBuildFile; fileRef = F3E39A0529E74BAF0023A98B /* SceneDelegate.swift */; };
		F3E39A0829E74BAF0023A98B /* ViewController.swift in Sources */ = {isa = PBXBuildFile; fileRef = F3E39A0729E74BAF0023A98B /* ViewController.swift */; };
		F3E39A0B29E74BAF0023A98B /* Main.storyboard in Resources */ = {isa = PBXBuildFile; fileRef = F3E39A0929E74BAF0023A98B /* Main.storyboard */; };
		F3E39A0D29E74BB10023A98B /* Assets.xcassets in Resources */ = {isa = PBXBuildFile; fileRef = F3E39A0C29E74BB10023A98B /* Assets.xcassets */; };
		F3E39A1029E74BB10023A98B /* LaunchScreen.storyboard in Resources */ = {isa = PBXBuildFile; fileRef = F3E39A0E29E74BB10023A98B /* LaunchScreen.storyboard */; };
		F3E39A1B29E74BB10023A98B /* NotAnotherTodoAppTests.swift in Sources */ = {isa = PBXBuildFile; fileRef = F3E39A1A29E74BB10023A98B /* NotAnotherTodoAppTests.swift */; };
		F3E39A2529E74BB10023A98B /* NotAnotherTodoAppUITests.swift in Sources */ = {isa = PBXBuildFile; fileRef = F3E39A2429E74BB10023A98B /* NotAnotherTodoAppUITests.swift */; };
		F3E39A2729E74BB10023A98B /* NotAnotherTodoAppUITestsLaunchTests.swift in Sources */ = {isa = PBXBuildFile; fileRef = F3E39A2629E74BB10023A98B /* NotAnotherTodoAppUITestsLaunchTests.swift */; };
/* End PBXBuildFile section */

/* Begin PBXContainerItemProxy section */
		F3E39A1729E74BB10023A98B /* PBXContainerItemProxy */ = {
			isa = PBXContainerItemProxy;
			containerPortal = F3E399F829E74BAF0023A98B /* Project object */;
			proxyType = 1;
			remoteGlobalIDString = F3E399FF29E74BAF0023A98B;
			remoteInfo = NotAnotherTodoApp;
		};
		F3E39A2129E74BB10023A98B /* PBXContainerItemProxy */ = {
			isa = PBXContainerItemProxy;
			containerPortal = F3E399F829E74BAF0023A98B /* Project object */;
			proxyType = 1;
			remoteGlobalIDString = F3E399FF29E74BAF0023A98B;
			remoteInfo = NotAnotherTodoApp;
		};
/* End PBXContainerItemProxy section */

/* Begin PBXFileReference section */
		F3E39A0029E74BAF0023A98B /* NotAnotherTodoApp.app */ = {isa = PBXFileReference; explicitFileType = wrapper.application; includeInIndex = 0; path = NotAnotherTodoApp.app; sourceTree = BUILT_PRODUCTS_DIR; };
		F3E39A0329E74BAF0023A98B /* AppDelegate.swift */ = {isa = PBXFileReference; lastKnownFileType = sourcecode.swift; path = AppDelegate.swift; sourceTree = "<group>"; };
		F3E39A0529E74BAF0023A98B /* SceneDelegate.swift */ = {isa = PBXFileReference; lastKnownFileType = sourcecode.swift; path = SceneDelegate.swift; sourceTree = "<group>"; };
		F3E39A0729E74BAF0023A98B /* ViewController.swift */ = {isa = PBXFileReference; lastKnownFileType = sourcecode.swift; path = ViewController.swift; sourceTree = "<group>"; };
		F3E39A0A29E74BAF0023A98B /* Base */ = {isa = PBXFileReference; lastKnownFileType = file.storyboard; name = Base; path = Base.lproj/Main.storyboard; sourceTree = "<group>"; };
		F3E39A0C29E74BB10023A98B /* Assets.xcassets */ = {isa = PBXFileReference; lastKnownFileType = folder.assetcatalog; path = Assets.xcassets; sourceTree = "<group>"; };
		F3E39A0F29E74BB10023A98B /* Base */ = {isa = PBXFileReference; lastKnownFileType = file.storyboard; name = Base; path = Base.lproj/LaunchScreen.storyboard; sourceTree = "<group>"; };
		F3E39A1129E74BB10023A98B /* Info.plist */ = {isa = PBXFileReference; lastKnownFileType = text.plist.xml; path = Info.plist; sourceTree = "<group>"; };
		F3E39A1629E74BB10023A98B /* NotAnotherTodoAppTests.xctest */ = {isa = PBXFileReference; explicitFileType = wrapper.cfbundle; includeInIndex = 0; path = NotAnotherTodoAppTests.xctest; sourceTree = BUILT_PRODUCTS_DIR; };
		F3E39A1A29E74BB10023A98B /* NotAnotherTodoAppTests.swift */ = {isa = PBXFileReference; lastKnownFileType = sourcecode.swift; path = NotAnotherTodoAppTests.swift; sourceTree = "<group>"; };
		F3E39A2029E74BB10023A98B /* NotAnotherTodoAppUITests.xctest */ = {isa = PBXFileReference; explicitFileType = wrapper.cfbundle; includeInIndex = 0; path = NotAnotherTodoAppUITests.xctest; sourceTree = BUILT_PRODUCTS_DIR; };
		F3E39A2429E74BB10023A98B /* NotAnotherTodoAppUITests.swift */ = {isa = PBXFileReference; lastKnownFileType = sourcecode.swift; path = NotAnotherTodoAppUITests.swift; sourceTree = "<group>"; };
		F3E39A2629E74BB10023A98B /* NotAnotherTodoAppUITestsLaunchTests.swift */ = {isa = PBXFileReference; lastKnownFileType = sourcecode.swift; path = NotAnotherTodoAppUITestsLaunchTests.swift; sourceTree = "<group>"; };
/* End PBXFileReference section */

/* Begin PBXFrameworksBuildPhase section */
		F3E399FD29E74BAF0023A98B /* Frameworks */ = {
			isa = PBXFrameworksBuildPhase;
			buildActionMask = 2147483647;
			files = (
			);
			runOnlyForDeploymentPostprocessing = 0;
		};
		F3E39A1329E74BB10023A98B /* Frameworks */ = {
			isa = PBXFrameworksBuildPhase;
			buildActionMask = 2147483647;
			files = (
			);
			runOnlyForDeploymentPostprocessing = 0;
		};
		F3E39A1D29E74BB10023A98B /* Frameworks */ = {
			isa = PBXFrameworksBuildPhase;
			buildActionMask = 2147483647;
			files = (
			);
			runOnlyForDeploymentPostprocessing = 0;
		};
/* End PBXFrameworksBuildPhase section */

/* Begin PBXGroup section */
		F3E399F729E74BAF0023A98B = {
			isa = PBXGroup;
			children = (
				F3E39A0229E74BAF0023A98B /* NotAnotherTodoApp */,
				F3E39A1929E74BB10023A98B /* NotAnotherTodoAppTests */,
				F3E39A2329E74BB10023A98B /* NotAnotherTodoAppUITests */,
				F3E39A0129E74BAF0023A98B /* Products */,
			);
			sourceTree = "<group>";
		};
		F3E39A0129E74BAF0023A98B /* Products */ = {
			isa = PBXGroup;
			children = (
				F3E39A0029E74BAF0023A98B /* NotAnotherTodoApp.app */,
				F3E39A1629E74BB10023A98B /* NotAnotherTodoAppTests.xctest */,
				F3E39A2029E74BB10023A98B /* NotAnotherTodoAppUITests.xctest */,
			);
			name = Products;
			sourceTree = "<group>";
		};
		F3E39A0229E74BAF0023A98B /* NotAnotherTodoApp */ = {
			isa = PBXGroup;
			children = (
				F3E39A0329E74BAF0023A98B /* AppDelegate.swift */,
				F3E39A0529E74BAF0023A98B /* SceneDelegate.swift */,
				F3E39A0729E74BAF0023A98B /* ViewController.swift */,
				F3E39A0929E74BAF0023A98B /* Main.storyboard */,
				F3E39A0C29E74BB10023A98B /* Assets.xcassets */,
				F3E39A0E29E74BB10023A98B /* LaunchScreen.storyboard */,
				F3E39A1129E74BB10023A98B /* Info.plist */,
			);
			path = NotAnotherTodoApp;
			sourceTree = "<group>";
		};
		F3E39A1929E74BB10023A98B /* NotAnotherTodoAppTests */ = {
			isa = PBXGroup;
			children = (
				F3E39A1A29E74BB10023A98B /* NotAnotherTodoAppTests.swift */,
			);
			path = NotAnotherTodoAppTests;
			sourceTree = "<group>";
		};
		F3E39A2329E74BB10023A98B /* NotAnotherTodoAppUITests */ = {
			isa = PBXGroup;
			children = (
				F3E39A2429E74BB10023A98B /* NotAnotherTodoAppUITests.swift */,
				F3E39A2629E74BB10023A98B /* NotAnotherTodoAppUITestsLaunchTests.swift */,
			);
			path = NotAnotherTodoAppUITests;
			sourceTree = "<group>";
		};
/* End PBXGroup section */

/* Begin PBXNativeTarget section */
		F3E399FF29E74BAF0023A98B /* NotAnotherTodoApp */ = {
			isa = PBXNativeTarget;
			buildConfigurationList = F3E39A2A29E74BB10023A98B /* Build configuration list for PBXNativeTarget "NotAnotherTodoApp" */;
			buildPhases = (
				F3E399FC29E74BAF0023A98B /* Sources */,
				F3E399FD29E74BAF0023A98B /* Frameworks */,
				F3E399FE29E74BAF0023A98B /* Resources */,
			);
			buildRules = (
			);
			dependencies = (
			);
			name = NotAnotherTodoApp;
			productName = NotAnotherTodoApp;
			productReference = F3E39A0029E74BAF0023A98B /* NotAnotherTodoApp.app */;
			productType = "com.apple.product-type.application";
		};
		F3E39A1529E74BB10023A98B /* NotAnotherTodoAppTests */ = {
			isa = PBXNativeTarget;
			buildConfigurationList = F3E39A2D29E74BB10023A98B /* Build configuration list for PBXNativeTarget "NotAnotherTodoAppTests" */;
			buildPhases = (
				F3E39A1229E74BB10023A98B /* Sources */,
				F3E39A1329E74BB10023A98B /* Frameworks */,
				F3E39A1429E74BB10023A98B /* Resources */,
			);
			buildRules = (
			);
			dependencies = (
				F3E39A1829E74BB10023A98B /* PBXTargetDependency */,
			);
			name = NotAnotherTodoAppTests;
			productName = NotAnotherTodoAppTests;
			productReference = F3E39A1629E74BB10023A98B /* NotAnotherTodoAppTests.xctest */;
			productType = "com.apple.product-type.bundle.unit-test";
		};
		F3E39A1F29E74BB10023A98B /* NotAnotherTodoAppUITests */ = {
			isa = PBXNativeTarget;
			buildConfigurationList = F3E39A3029E74BB10023A98B /* Build configuration list for PBXNativeTarget "NotAnotherTodoAppUITests" */;
			buildPhases = (
				F3E39A1C29E74BB10023A98B /* Sources */,
				F3E39A1D29E74BB10023A98B /* Frameworks */,
				F3E39A1E29E74BB10023A98B /* Resources */,
			);
			buildRules = (
			);
			dependencies = (
				F3E39A2229E74BB10023A98B /* PBXTargetDependency */,
			);
			name = NotAnotherTodoAppUITests;
			productName = NotAnotherTodoAppUITests;
			productReference = F3E39A2029E74BB10023A98B /* NotAnotherTodoAppUITests.xctest */;
			productType = "com.apple.product-type.bundle.ui-testing";
		};
/* End PBXNativeTarget section */

/* Begin PBXProject section */
		F3E399F829E74BAF0023A98B /* Project object */ = {
			isa = PBXProject;
			attributes = {
				BuildIndependentTargetsInParallel = 1;
				LastSwiftUpdateCheck = 1430;
				LastUpgradeCheck = 1430;
				TargetAttributes = {
					F3E399FF29E74BAF0023A98B = {
						CreatedOnToolsVersion = 14.3;
					};
					F3E39A1529E74BB10023A98B = {
						CreatedOnToolsVersion = 14.3;
						TestTargetID = F3E399FF29E74BAF0023A98B;
					};
					F3E39A1F29E74BB10023A98B = {
						CreatedOnToolsVersion = 14.3;
						TestTargetID = F3E399FF29E74BAF0023A98B;
					};
				};
			};
			buildConfigurationList = F3E399FB29E74BAF0023A98B /* Build configuration list for PBXProject "NotAnotherTodoApp" */;
			compatibilityVersion = "Xcode 14.0";
			developmentRegion = en;
			hasScannedForEncodings = 0;
			knownRegions = (
				en,
				Base,
			);
			mainGroup = F3E399F729E74BAF0023A98B;
			productRefGroup = F3E39A0129E74BAF0023A98B /* Products */;
			projectDirPath = "";
			projectRoot = "";
			targets = (
				F3E399FF29E74BAF0023A98B /* NotAnotherTodoApp */,
				F3E39A1529E74BB10023A98B /* NotAnotherTodoAppTests */,
				F3E39A1F29E74BB10023A98B /* NotAnotherTodoAppUITests */,
			);
		};
/* End PBXProject section */

/* Begin PBXResourcesBuildPhase section */
		F3E399FE29E74BAF0023A98B /* Resources */ = {
			isa = PBXResourcesBuildPhase;
			buildActionMask = 2147483647;
			files = (
				F3E39A1029E74BB10023A98B /* LaunchScreen.storyboard in Resources */,
				F3E39A0D29E74BB10023A98B /* Assets.xcassets in Resources */,
				F3E39A0B29E74BAF0023A98B /* Main.storyboard in Resources */,
			);
			runOnlyForDeploymentPostprocessing = 0;
		};
		F3E39A1429E74BB10023A98B /* Resources */ = {
			isa = PBXResourcesBuildPhase;
			buildActionMask = 2147483647;
			files = (
			);
			runOnlyForDeploymentPostprocessing = 0;
		};
		F3E39A1E29E74BB10023A98B /* Resources */ = {
			isa = PBXResourcesBuildPhase;
			buildActionMask = 2147483647;
			files = (
			);
			runOnlyForDeploymentPostprocessing = 0;
		};
/* End PBXResourcesBuildPhase section */

/* Begin PBXSourcesBuildPhase section */
		F3E399FC29E74BAF0023A98B /* Sources */ = {
			isa = PBXSourcesBuildPhase;
			buildActionMask = 2147483647;
			files = (
				F3E39A0829E74BAF0023A98B /* ViewController.swift in Sources */,
				F3E39A0429E74BAF0023A98B /* AppDelegate.swift in Sources */,
				F3E39A0629E74BAF0023A98B /* SceneDelegate.swift in Sources */,
			);
			runOnlyForDeploymentPostprocessing = 0;
		};
		F3E39A1229E74BB10023A98B /* Sources */ = {
			isa = PBXSourcesBuildPhase;
			buildActionMask = 2147483647;
			files = (
				F3E39A1B29E74BB10023A98B /* NotAnotherTodoAppTests.swift in Sources */,
			);
			runOnlyForDeploymentPostprocessing = 0;
		};
		F3E39A1C29E74BB10023A98B /* Sources */ = {
			isa = PBXSourcesBuildPhase;
			buildActionMask = 2147483647;
			files = (
				F3E39A2729E74BB10023A98B /* NotAnotherTodoAppUITestsLaunchTests.swift in Sources */,
				F3E39A2529E74BB10023A98B /* NotAnotherTodoAppUITests.swift in Sources */,
			);
			runOnlyForDeploymentPostprocessing = 0;
		};
/* End PBXSourcesBuildPhase section */

/* Begin PBXTargetDependency section */
		F3E39A1829E74BB10023A98B /* PBXTargetDependency */ = {
			isa = PBXTargetDependency;
			target = F3E399FF29E74BAF0023A98B /* NotAnotherTodoApp */;
			targetProxy = F3E39A1729E74BB10023A98B /* PBXContainerItemProxy */;
		};
		F3E39A2229E74BB10023A98B /* PBXTargetDependency */ = {
			isa = PBXTargetDependency;
			target = F3E399FF29E74BAF0023A98B /* NotAnotherTodoApp */;
			targetProxy = F3E39A2129E74BB10023A98B /* PBXContainerItemProxy */;
		};
/* End PBXTargetDependency section */

/* Begin PBXVariantGroup section */
		F3E39A0929E74BAF0023A98B /* Main.storyboard */ = {
			isa = PBXVariantGroup;
			children = (
				F3E39A0A29E74BAF0023A98B /* Base */,
			);
			name = Main.storyboard;
			sourceTree = "<group>";
		};
		F3E39A0E29E74BB10023A98B /* LaunchScreen.storyboard */ = {
			isa = PBXVariantGroup;
			children = (
				F3E39A0F29E74BB10023A98B /* Base */,
			);
			name = LaunchScreen.storyboard;
			sourceTree = "<group>";
		};
/* End PBXVariantGroup section */

/* Begin XCBuildConfiguration section */
		F3E39A2829E74BB10023A98B /* Debug */ = {
			isa = XCBuildConfiguration;
			buildSettings = {
				ALWAYS_SEARCH_USER_PATHS = NO;
				CLANG_ANALYZER_NONNULL = YES;
				CLANG_ANALYZER_NUMBER_OBJECT_CONVERSION = YES_AGGRESSIVE;
				CLANG_CXX_LANGUAGE_STANDARD = "gnu++20";
				CLANG_ENABLE_MODULES = YES;
				CLANG_ENABLE_OBJC_ARC = YES;
				CLANG_ENABLE_OBJC_WEAK = YES;
				CLANG_WARN_BLOCK_CAPTURE_AUTORELEASING = YES;
				CLANG_WARN_BOOL_CONVERSION = YES;
				CLANG_WARN_COMMA = YES;
				CLANG_WARN_CONSTANT_CONVERSION = YES;
				CLANG_WARN_DEPRECATED_OBJC_IMPLEMENTATIONS = YES;
				CLANG_WARN_DIRECT_OBJC_ISA_USAGE = YES_ERROR;
				CLANG_WARN_DOCUMENTATION_COMMENTS = YES;
				CLANG_WARN_EMPTY_BODY = YES;
				CLANG_WARN_ENUM_CONVERSION = YES;
				CLANG_WARN_INFINITE_RECURSION = YES;
				CLANG_WARN_INT_CONVERSION = YES;
				CLANG_WARN_NON_LITERAL_NULL_CONVERSION = YES;
				CLANG_WARN_OBJC_IMPLICIT_RETAIN_SELF = YES;
				CLANG_WARN_OBJC_LITERAL_CONVERSION = YES;
				CLANG_WARN_OBJC_ROOT_CLASS = YES_ERROR;
				CLANG_WARN_QUOTED_INCLUDE_IN_FRAMEWORK_HEADER = YES;
				CLANG_WARN_RANGE_LOOP_ANALYSIS = YES;
				CLANG_WARN_STRICT_PROTOTYPES = YES;
				CLANG_WARN_SUSPICIOUS_MOVE = YES;
				CLANG_WARN_UNGUARDED_AVAILABILITY = YES_AGGRESSIVE;
				CLANG_WARN_UNREACHABLE_CODE = YES;
				CLANG_WARN__DUPLICATE_METHOD_MATCH = YES;
				COPY_PHASE_STRIP = NO;
				DEBUG_INFORMATION_FORMAT = dwarf;
				ENABLE_STRICT_OBJC_MSGSEND = YES;
				ENABLE_TESTABILITY = YES;
				GCC_C_LANGUAGE_STANDARD = gnu11;
				GCC_DYNAMIC_NO_PIC = NO;
				GCC_NO_COMMON_BLOCKS = YES;
				GCC_OPTIMIZATION_LEVEL = 0;
				GCC_PREPROCESSOR_DEFINITIONS = (
					"DEBUG=1",
					"$(inherited)",
				);
				GCC_WARN_64_TO_32_BIT_CONVERSION = YES;
				GCC_WARN_ABOUT_RETURN_TYPE = YES_ERROR;
				GCC_WARN_UNDECLARED_SELECTOR = YES;
				GCC_WARN_UNINITIALIZED_AUTOS = YES_AGGRESSIVE;
				GCC_WARN_UNUSED_FUNCTION = YES;
				GCC_WARN_UNUSED_VARIABLE = YES;
				IPHONEOS_DEPLOYMENT_TARGET = 16.4;
				MTL_ENABLE_DEBUG_INFO = INCLUDE_SOURCE;
				MTL_FAST_MATH = YES;
				ONLY_ACTIVE_ARCH = YES;
				SDKROOT = iphoneos;
				SWIFT_ACTIVE_COMPILATION_CONDITIONS = DEBUG;
				SWIFT_OPTIMIZATION_LEVEL = "-Onone";
			};
			name = Debug;
		};
		F3E39A2929E74BB10023A98B /* Release */ = {
			isa = XCBuildConfiguration;
			buildSettings = {
				ALWAYS_SEARCH_USER_PATHS = NO;
				CLANG_ANALYZER_NONNULL = YES;
				CLANG_ANALYZER_NUMBER_OBJECT_CONVERSION = YES_AGGRESSIVE;
				CLANG_CXX_LANGUAGE_STANDARD = "gnu++20";
				CLANG_ENABLE_MODULES = YES;
				CLANG_ENABLE_OBJC_ARC = YES;
				CLANG_ENABLE_OBJC_WEAK = YES;
				CLANG_WARN_BLOCK_CAPTURE_AUTORELEASING = YES;
				CLANG_WARN_BOOL_CONVERSION = YES;
				CLANG_WARN_COMMA = YES;
				CLANG_WARN_CONSTANT_CONVERSION = YES;
				CLANG_WARN_DEPRECATED_OBJC_IMPLEMENTATIONS = YES;
				CLANG_WARN_DIRECT_OBJC_ISA_USAGE = YES_ERROR;
				CLANG_WARN_DOCUMENTATION_COMMENTS = YES;
				CLANG_WARN_EMPTY_BODY = YES;
				CLANG_WARN_ENUM_CONVERSION = YES;
				CLANG_WARN_INFINITE_RECURSION = YES;
				CLANG_WARN_INT_CONVERSION = YES;
				CLANG_WARN_NON_LITERAL_NULL_CONVERSION = YES;
				CLANG_WARN_OBJC_IMPLICIT_RETAIN_SELF = YES;
				CLANG_WARN_OBJC_LITERAL_CONVERSION = YES;
				CLANG_WARN_OBJC_ROOT_CLASS = YES_ERROR;
				CLANG_WARN_QUOTED_INCLUDE_IN_FRAMEWORK_HEADER = YES;
				CLANG_WARN_RANGE_LOOP_ANALYSIS = YES;
				CLANG_WARN_STRICT_PROTOTYPES = YES;
				CLANG_WARN_SUSPICIOUS_MOVE = YES;
				CLANG_WARN_UNGUARDED_AVAILABILITY = YES_AGGRESSIVE;
				CLANG_WARN_UNREACHABLE_CODE = YES;
				CLANG_WARN__DUPLICATE_METHOD_MATCH = YES;
				COPY_PHASE_STRIP = NO;
				DEBUG_INFORMATION_FORMAT = "dwarf-with-dsym";
				ENABLE_NS_ASSERTIONS = NO;
				ENABLE_STRICT_OBJC_MSGSEND = YES;
				GCC_C_LANGUAGE_STANDARD = gnu11;
				GCC_NO_COMMON_BLOCKS = YES;
				GCC_WARN_64_TO_32_BIT_CONVERSION = YES;
				GCC_WARN_ABOUT_RETURN_TYPE = YES_ERROR;
				GCC_WARN_UNDECLARED_SELECTOR = YES;
				GCC_WARN_UNINITIALIZED_AUTOS = YES_AGGRESSIVE;
				GCC_WARN_UNUSED_FUNCTION = YES;
				GCC_WARN_UNUSED_VARIABLE = YES;
				IPHONEOS_DEPLOYMENT_TARGET = 16.4;
				MTL_ENABLE_DEBUG_INFO = NO;
				MTL_FAST_MATH = YES;
				SDKROOT = iphoneos;
				SWIFT_COMPILATION_MODE = wholemodule;
				SWIFT_OPTIMIZATION_LEVEL = "-O";
				VALIDATE_PRODUCT = YES;
			};
			name = Release;
		};
		F3E39A2B29E74BB10023A98B /* Debug */ = {
			isa = XCBuildConfiguration;
			buildSettings = {
				ASSETCATALOG_COMPILER_APPICON_NAME = AppIcon;
				ASSETCATALOG_COMPILER_GLOBAL_ACCENT_COLOR_NAME = AccentColor;
				CODE_SIGN_STYLE = Automatic;
				CURRENT_PROJECT_VERSION = 1;
				DEVELOPMENT_TEAM = 9739RA7ZLD;
				GENERATE_INFOPLIST_FILE = YES;
				INFOPLIST_FILE = NotAnotherTodoApp/Info.plist;
				INFOPLIST_KEY_UIApplicationSupportsIndirectInputEvents = YES;
				INFOPLIST_KEY_UILaunchStoryboardName = LaunchScreen;
				INFOPLIST_KEY_UIMainStoryboardFile = Main;
				INFOPLIST_KEY_UISupportedInterfaceOrientations_iPad = "UIInterfaceOrientationPortrait UIInterfaceOrientationPortraitUpsideDown UIInterfaceOrientationLandscapeLeft UIInterfaceOrientationLandscapeRight";
				INFOPLIST_KEY_UISupportedInterfaceOrientations_iPhone = "UIInterfaceOrientationPortrait UIInterfaceOrientationLandscapeLeft UIInterfaceOrientationLandscapeRight";
				LD_RUNPATH_SEARCH_PATHS = (
					"$(inherited)",
					"@executable_path/Frameworks",
				);
				MARKETING_VERSION = 1.0;
				PRODUCT_BUNDLE_IDENTIFIER = me.tanin.NotAnotherTodoApp;
				PRODUCT_NAME = "$(TARGET_NAME)";
				SWIFT_EMIT_LOC_STRINGS = YES;
				SWIFT_VERSION = 5.0;
				TARGETED_DEVICE_FAMILY = "1,2";
			};
			name = Debug;
		};
		F3E39A2C29E74BB10023A98B /* Release */ = {
			isa = XCBuildConfiguration;
			buildSettings = {
				ASSETCATALOG_COMPILER_APPICON_NAME = AppIcon;
				ASSETCATALOG_COMPILER_GLOBAL_ACCENT_COLOR_NAME = AccentColor;
				CODE_SIGN_STYLE = Automatic;
				CURRENT_PROJECT_VERSION = 1;
				DEVELOPMENT_TEAM = 9739RA7ZLD;
				GENERATE_INFOPLIST_FILE = YES;
				INFOPLIST_FILE = NotAnotherTodoApp/Info.plist;
				INFOPLIST_KEY_UIApplicationSupportsIndirectInputEvents = YES;
				INFOPLIST_KEY_UILaunchStoryboardName = LaunchScreen;
				INFOPLIST_KEY_UIMainStoryboardFile = Main;
				INFOPLIST_KEY_UISupportedInterfaceOrientations_iPad = "UIInterfaceOrientationPortrait UIInterfaceOrientationPortraitUpsideDown UIInterfaceOrientationLandscapeLeft UIInterfaceOrientationLandscapeRight";
				INFOPLIST_KEY_UISupportedInterfaceOrientations_iPhone = "UIInterfaceOrientationPortrait UIInterfaceOrientationLandscapeLeft UIInterfaceOrientationLandscapeRight";
				LD_RUNPATH_SEARCH_PATHS = (
					"$(inherited)",
					"@executable_path/Frameworks",
				);
				MARKETING_VERSION = 1.0;
				PRODUCT_BUNDLE_IDENTIFIER = me.tanin.NotAnotherTodoApp;
				PRODUCT_NAME = "$(TARGET_NAME)";
				SWIFT_EMIT_LOC_STRINGS = YES;
				SWIFT_VERSION = 5.0;
				TARGETED_DEVICE_FAMILY = "1,2";
			};
			name = Release;
		};
		F3E39A2E29E74BB10023A98B /* Debug */ = {
			isa = XCBuildConfiguration;
			buildSettings = {
				ALWAYS_EMBED_SWIFT_STANDARD_LIBRARIES = YES;
				BUNDLE_LOADER = "$(TEST_HOST)";
				CODE_SIGN_STYLE = Automatic;
				CURRENT_PROJECT_VERSION = 1;
				DEVELOPMENT_TEAM = 9739RA7ZLD;
				GENERATE_INFOPLIST_FILE = YES;
				IPHONEOS_DEPLOYMENT_TARGET = 16.4;
				MARKETING_VERSION = 1.0;
				PRODUCT_BUNDLE_IDENTIFIER = me.tanin.NotAnotherTodoAppTests;
				PRODUCT_NAME = "$(TARGET_NAME)";
				SWIFT_EMIT_LOC_STRINGS = NO;
				SWIFT_VERSION = 5.0;
				TARGETED_DEVICE_FAMILY = "1,2";
				TEST_HOST = "$(BUILT_PRODUCTS_DIR)/NotAnotherTodoApp.app/$(BUNDLE_EXECUTABLE_FOLDER_PATH)/NotAnotherTodoApp";
			};
			name = Debug;
		};
		F3E39A2F29E74BB10023A98B /* Release */ = {
			isa = XCBuildConfiguration;
			buildSettings = {
				ALWAYS_EMBED_SWIFT_STANDARD_LIBRARIES = YES;
				BUNDLE_LOADER = "$(TEST_HOST)";
				CODE_SIGN_STYLE = Automatic;
				CURRENT_PROJECT_VERSION = 1;
				DEVELOPMENT_TEAM = 9739RA7ZLD;
				GENERATE_INFOPLIST_FILE = YES;
				IPHONEOS_DEPLOYMENT_TARGET = 16.4;
				MARKETING_VERSION = 1.0;
				PRODUCT_BUNDLE_IDENTIFIER = me.tanin.NotAnotherTodoAppTests;
				PRODUCT_NAME = "$(TARGET_NAME)";
				SWIFT_EMIT_LOC_STRINGS = NO;
				SWIFT_VERSION = 5.0;
				TARGETED_DEVICE_FAMILY = "1,2";
				TEST_HOST = "$(BUILT_PRODUCTS_DIR)/NotAnotherTodoApp.app/$(BUNDLE_EXECUTABLE_FOLDER_PATH)/NotAnotherTodoApp";
			};
			name = Release;
		};
		F3E39A3129E74BB10023A98B /* Debug */ = {
			isa = XCBuildConfiguration;
			buildSettings = {
				ALWAYS_EMBED_SWIFT_STANDARD_LIBRARIES = YES;
				CODE_SIGN_STYLE = Automatic;
				CURRENT_PROJECT_VERSION = 1;
				DEVELOPMENT_TEAM = 9739RA7ZLD;
				GENERATE_INFOPLIST_FILE = YES;
				MARKETING_VERSION = 1.0;
				PRODUCT_BUNDLE_IDENTIFIER = me.tanin.NotAnotherTodoAppUITests;
				PRODUCT_NAME = "$(TARGET_NAME)";
				SWIFT_EMIT_LOC_STRINGS = NO;
				SWIFT_VERSION = 5.0;
				TARGETED_DEVICE_FAMILY = "1,2";
				TEST_TARGET_NAME = NotAnotherTodoApp;
			};
			name = Debug;
		};
		F3E39A3229E74BB10023A98B /* Release */ = {
			isa = XCBuildConfiguration;
			buildSettings = {
				ALWAYS_EMBED_SWIFT_STANDARD_LIBRARIES = YES;
				CODE_SIGN_STYLE = Automatic;
				CURRENT_PROJECT_VERSION = 1;
				DEVELOPMENT_TEAM = 9739RA7ZLD;
				GENERATE_INFOPLIST_FILE = YES;
				MARKETING_VERSION = 1.0;
				PRODUCT_BUNDLE_IDENTIFIER = me.tanin.NotAnotherTodoAppUITests;
				PRODUCT_NAME = "$(TARGET_NAME)";
				SWIFT_EMIT_LOC_STRINGS = NO;
				SWIFT_VERSION = 5.0;
				TARGETED_DEVICE_FAMILY = "1,2";
				TEST_TARGET_NAME = NotAnotherTodoApp;
			};
			name = Release;
		};
/* End XCBuildConfiguration section */

/* Begin XCConfigurationList section */
		F3E399FB29E74BAF0023A98B /* Build configuration list for PBXProject "NotAnotherTodoApp" */ = {
			isa = XCConfigurationList;
			buildConfigurations = (
				F3E39A2829E74BB10023A98B /* Debug */,
				F3E39A2929E74BB10023A98B /* Release */,
			);
			defaultConfigurationIsVisible = 0;
			defaultConfigurationName = Release;
		};
		F3E39A2A29E74BB10023A98B /* Build configuration list for PBXNativeTarget "NotAnotherTodoApp" */ = {
			isa = XCConfigurationList;
			buildConfigurations = (
				F3E39A2B29E74BB10023A98B /* Debug */,
				F3E39A2C29E74BB10023A98B /* Release */,
			);
			defaultConfigurationIsVisible = 0;
			defaultConfigurationName = Release;
		};
		F3E39A2D29E74BB10023A98B /* Build configuration list for PBXNativeTarget "NotAnotherTodoAppTests" */ = {
			isa = XCConfigurationList;
			buildConfigurations = (
				F3E39A2E29E74BB10023A98B /* Debug */,
				F3E39A2F29E74BB10023A98B /* Release */,
			);
			defaultConfigurationIsVisible = 0;
			defaultConfigurationName = Release;
		};
		F3E39A3029E74BB10023A98B /* Build configuration list for PBXNativeTarget "NotAnotherTodoAppUITests" */ = {
			isa = XCConfigurationList;
			buildConfigurations = (
				F3E39A3129E74BB10023A98B /* Debug */,
				F3E39A3229E74BB10023A98B /* Release */,
			);
			defaultConfigurationIsVisible = 0;
			defaultConfigurationName = Release;
		};
/* End XCConfigurationList section */
	};
	rootObject = F3E399F829E74BAF0023A98B /* Project object */;
}
